
Microsoft Visual Studio Solution File, Format Version 12.00
# Visual Studio Version 17
VisualStudioVersion = 17.7.33808.371
MinimumVisualStudioVersion = 10.0.40219.1
Project("{FAE04EC0-301F-11D3-BF4B-00C04F79EFBC}") = "CSharpCodeGenDemo", "CSharpCodeGenDemo.csproj", "{3EB4C7A0-EC60-4480-A961-6EB7D8DC8D98}"
EndProject
Project("{FAE04EC0-301F-11D3-BF4B-00C04F79EFBC}") = "Generator", "..\Generator\Generator.csproj", "{9923E4CB-589D-484F-880F-01AB3676A6AE}"
EndProject
Global
	GlobalSection(SolutionConfigurationPlatforms) = preSolution
		Debug|Any CPU = Debug|Any CPU
		Release|Any CPU = Release|Any CPU
	EndGlobalSection
	GlobalSection(ProjectConfigurationPlatforms) = postSolution
		{3EB4C7A0-EC60-4480-A961-6EB7D8DC8D98}.Debug|Any CPU.ActiveCfg = Debug|Any CPU
		{3EB4C7A0-EC60-4480-A961-6EB7D8DC8D98}.Debug|Any CPU.Build.0 = Debug|Any CPU
		{3EB4C7A0-EC60-4480-A961-6EB7D8DC8D98}.Release|Any CPU.ActiveCfg = Release|Any CPU
		{3EB4C7A0-EC60-4480-A961-6EB7D8DC8D98}.Release|Any CPU.Build.0 = Release|Any CPU
		{9923E4CB-589D-484F-880F-01AB3676A6AE}.Debug|Any CPU.ActiveCfg = Debug|Any CPU
		{9923E4CB-589D-484F-880F-01AB3676A6AE}.Debug|Any CPU.Build.0 = Debug|Any CPU
		{9923E4CB-589D-484F-880F-01AB3676A6AE}.Release|Any CPU.ActiveCfg = Release|Any CPU
		{9923E4CB-589D-484F-880F-01AB3676A6AE}.Release|Any CPU.Build.0 = Release|Any CPU
	EndGlobalSection
	GlobalSection(SolutionProperties) = preSolution
		HideSolutionNode = FALSE
	EndGlobalSection
	GlobalSection(ExtensibilityGlobals) = postSolution
		SolutionGuid = {04E61653-ADF2-43A0-BD10-6DD37C2F0B68}
	EndGlobalSection
EndGlobal
