
Microsoft Visual Studio Solution File, Format Version 12.00
# Visual Studio Version 17
VisualStudioVersion = 17.7.33808.371
MinimumVisualStudioVersion = 10.0.40219.1
Project("{FAE04EC0-301F-11D3-BF4B-00C04F79EFBC}") = "RecordTypes", "RecordTypes\RecordTypes.csproj", "{DB141D9B-6BB4-404F-8FDA-AA10996B8138}"
EndProject
Project("{FAE04EC0-301F-11D3-BF4B-00C04F79EFBC}") = "PositionalRecords", "PositionalRecords\PositionalRecords.csproj", "{2B2A648D-B7E5-467C-A22D-87D4F3BF18DB}"
EndProject
Project("{FAE04EC0-301F-11D3-BF4B-00C04F79EFBC}") = "RecordsWithExpressions", "RecordsWithExpressions\RecordsWithExpressions.csproj", "{F5C1A960-C41A-48F9-894C-D0C3C162C351}"
EndProject
Project("{FAE04EC0-301F-11D3-BF4B-00C04F79EFBC}") = "TopLevelCalls", "TopLevelCalls\TopLevelCalls.csproj", "{68D61453-A995-4FB6-B6C3-9347F3B306FF}"
EndProject
Project("{FAE04EC0-301F-11D3-BF4B-00C04F79EFBC}") = "InitialSetters", "InitialSetters\InitialSetters.csproj", "{AA33D5FF-07D4-407C-B0F0-5C6C7758CB89}"
EndProject
Project("{FAE04EC0-301F-11D3-BF4B-00C04F79EFBC}") = "PatternMatchingImprovements", "PatternMatchingImprovements\PatternMatchingImprovements.csproj", "{F4132A93-6300-4E84-AB77-17297B0A53A9}"
EndProject
Global
	GlobalSection(SolutionConfigurationPlatforms) = preSolution
		Debug|Any CPU = Debug|Any CPU
		Release|Any CPU = Release|Any CPU
	EndGlobalSection
	GlobalSection(ProjectConfigurationPlatforms) = postSolution
		{DB141D9B-6BB4-404F-8FDA-AA10996B8138}.Debug|Any CPU.ActiveCfg = Debug|Any CPU
		{DB141D9B-6BB4-404F-8FDA-AA10996B8138}.Debug|Any CPU.Build.0 = Debug|Any CPU
		{DB141D9B-6BB4-404F-8FDA-AA10996B8138}.Release|Any CPU.ActiveCfg = Release|Any CPU
		{DB141D9B-6BB4-404F-8FDA-AA10996B8138}.Release|Any CPU.Build.0 = Release|Any CPU
		{2B2A648D-B7E5-467C-A22D-87D4F3BF18DB}.Debug|Any CPU.ActiveCfg = Debug|Any CPU
		{2B2A648D-B7E5-467C-A22D-87D4F3BF18DB}.Debug|Any CPU.Build.0 = Debug|Any CPU
		{2B2A648D-B7E5-467C-A22D-87D4F3BF18DB}.Release|Any CPU.ActiveCfg = Release|Any CPU
		{2B2A648D-B7E5-467C-A22D-87D4F3BF18DB}.Release|Any CPU.Build.0 = Release|Any CPU
		{F5C1A960-C41A-48F9-894C-D0C3C162C351}.Debug|Any CPU.ActiveCfg = Debug|Any CPU
		{F5C1A960-C41A-48F9-894C-D0C3C162C351}.Debug|Any CPU.Build.0 = Debug|Any CPU
		{F5C1A960-C41A-48F9-894C-D0C3C162C351}.Release|Any CPU.ActiveCfg = Release|Any CPU
		{F5C1A960-C41A-48F9-894C-D0C3C162C351}.Release|Any CPU.Build.0 = Release|Any CPU
		{68D61453-A995-4FB6-B6C3-9347F3B306FF}.Debug|Any CPU.ActiveCfg = Debug|Any CPU
		{68D61453-A995-4FB6-B6C3-9347F3B306FF}.Debug|Any CPU.Build.0 = Debug|Any CPU
		{68D61453-A995-4FB6-B6C3-9347F3B306FF}.Release|Any CPU.ActiveCfg = Release|Any CPU
		{68D61453-A995-4FB6-B6C3-9347F3B306FF}.Release|Any CPU.Build.0 = Release|Any CPU
		{AA33D5FF-07D4-407C-B0F0-5C6C7758CB89}.Debug|Any CPU.ActiveCfg = Debug|Any CPU
		{AA33D5FF-07D4-407C-B0F0-5C6C7758CB89}.Debug|Any CPU.Build.0 = Debug|Any CPU
		{AA33D5FF-07D4-407C-B0F0-5C6C7758CB89}.Release|Any CPU.ActiveCfg = Release|Any CPU
		{AA33D5FF-07D4-407C-B0F0-5C6C7758CB89}.Release|Any CPU.Build.0 = Release|Any CPU
		{F4132A93-6300-4E84-AB77-17297B0A53A9}.Debug|Any CPU.ActiveCfg = Debug|Any CPU
		{F4132A93-6300-4E84-AB77-17297B0A53A9}.Debug|Any CPU.Build.0 = Debug|Any CPU
		{F4132A93-6300-4E84-AB77-17297B0A53A9}.Release|Any CPU.ActiveCfg = Release|Any CPU
		{F4132A93-6300-4E84-AB77-17297B0A53A9}.Release|Any CPU.Build.0 = Release|Any CPU
	EndGlobalSection
	GlobalSection(SolutionProperties) = preSolution
		HideSolutionNode = FALSE
	EndGlobalSection
	GlobalSection(ExtensibilityGlobals) = postSolution
		SolutionGuid = {094947E5-7B2B-447A-8297-C1BE72A5C529}
	EndGlobalSection
EndGlobal
